
Microsoft Visual Studio Solution File, Format Version 12.00
# Visual Studio 15
VisualStudioVersion = 15.0.27703.2035
MinimumVisualStudioVersion = 10.0.40219.1
Project("{8BC9CEB8-8B4A-11D0-8D11-00A0C91BC942}") = "DX12Project", "DX12Project\DX12Project.vcxproj", "{DCC2B30D-BF68-4959-A356-113248AB0BA9}"
EndProject
Global
	GlobalSection(Performance) = preSolution
		HasPerformanceSessions = true
	EndGlobalSection
	GlobalSection(SolutionConfigurationPlatforms) = preSolution
		Debug|x64 = Debug|x64
		Debug|x86 = Debug|x86
		Release|x64 = Release|x64
		Release|x86 = Release|x86
	EndGlobalSection
	GlobalSection(ProjectConfigurationPlatforms) = postSolution
		{DCC2B30D-BF68-4959-A356-113248AB0BA9}.Debug|x64.ActiveCfg = Debug|x64
		{DCC2B30D-BF68-4959-A356-113248AB0BA9}.Debug|x64.Build.0 = Debug|x64
		{DCC2B30D-BF68-4959-A356-113248AB0BA9}.Debug|x86.ActiveCfg = Debug|Win32
		{DCC2B30D-BF68-4959-A356-113248AB0BA9}.Debug|x86.Build.0 = Debug|Win32
		{DCC2B30D-BF68-4959-A356-113248AB0BA9}.Release|x64.ActiveCfg = Release|x64
		{DCC2B30D-BF68-4959-A356-113248AB0BA9}.Release|x64.Build.0 = Release|x64
		{DCC2B30D-BF68-4959-A356-113248AB0BA9}.Release|x86.ActiveCfg = Release|Win32
		{DCC2B30D-BF68-4959-A356-113248AB0BA9}.Release|x86.Build.0 = Release|Win32
	EndGlobalSection
	GlobalSection(SolutionProperties) = preSolution
		HideSolutionNode = FALSE
	EndGlobalSection
	GlobalSection(ExtensibilityGlobals) = postSolution
		SolutionGuid = {261CEC5A-7318-442F-86C2-119056730EAE}
	EndGlobalSection
EndGlobal
