<?xml version="1.0" encoding="utf-8"?>
<Project ToolsVersion="4.0" xmlns="http://schemas.microsoft.com/developer/msbuild/2003">
  <ItemGroup>
    <Filter Include="Test">
      <UniqueIdentifier>{9fea9192-7284-43b9-8c9c-9d88b4830f0c}</UniqueIdentifier>
    </Filter>
    <Filter Include="Engine">
      <UniqueIdentifier>{83c55e2b-9ada-4df0-b234-db6fe614e359}</UniqueIdentifier>
    </Filter>
    <Filter Include="Engine\Events">
      <UniqueIdentifier>{3eb891af-d23e-47b8-9483-863cd03a3ac4}</UniqueIdentifier>
    </Filter>
    <Filter Include="Engine\Launch">
      <UniqueIdentifier>{1e960b31-9c1b-4e38-b4ce-7c7e15552214}</UniqueIdentifier>
    </Filter>
    <Filter Include="Engine\Util">
      <UniqueIdentifier>{d2a82447-d393-489b-9263-b5c189079c67}</UniqueIdentifier>
    </Filter>
    <Filter Include="Engine\Renderer">
      <UniqueIdentifier>{a786e0a9-4cbf-4d8a-a4cc-dd158c74a8af}</UniqueIdentifier>
    </Filter>
    <Filter Include="Engine\Object">
      <UniqueIdentifier>{bec03008-a2ec-48a3-8ac8-46dc0099e6f4}</UniqueIdentifier>
    </Filter>
    <Filter Include="Engine\Object\Components">
      <UniqueIdentifier>{3cb30038-cd67-4f07-81ad-f5090c894ac8}</UniqueIdentifier>
    </Filter>
    <Filter Include="Engine\Object\Commands">
      <UniqueIdentifier>{e373ba67-b876-480e-aca4-54e5560f2416}</UniqueIdentifier>
    </Filter>
    <Filter Include="D3D12">
      <UniqueIdentifier>{ad73be41-5017-4511-9fed-cbde843193b9}</UniqueIdentifier>
    </Filter>
    <Filter Include="D3D12\Private">
      <UniqueIdentifier>{9802f1d3-99e0-4a41-8cfa-70eb47d6e23c}</UniqueIdentifier>
    </Filter>
    <Filter Include="D3D12\Public">
      <UniqueIdentifier>{9aa9b091-e4f3-4274-83d9-f5934b7cc198}</UniqueIdentifier>
    </Filter>
  </ItemGroup>
  <ItemGroup>
    <ClCompile Include="Source\D3D12\D3DUtil.cpp">
      <Filter>D3D12\Private</Filter>
    </ClCompile>
    <ClCompile Include="Source\D3D12\D3D12Commands.cpp">
      <Filter>D3D12\Private</Filter>
    </ClCompile>
    <ClCompile Include="Source\D3D12\D3D12Device.cpp">
      <Filter>D3D12\Private</Filter>
    </ClCompile>
    <ClCompile Include="Source\D3D12\D3D12Resource.cpp">
      <Filter>D3D12\Private</Filter>
    </ClCompile>
    <ClCompile Include="Source\D3D12\D3D12Descriptor.cpp">
      <Filter>D3D12\Private</Filter>
    </ClCompile>
    <ClCompile Include="Source\D3D12\D3D12Fence.cpp">
      <Filter>D3D12\Private</Filter>
    </ClCompile>
    <ClCompile Include="Source\D3D12\D3D12PipelineState.cpp">
      <Filter>D3D12\Private</Filter>
    </ClCompile>
    <ClCompile Include="Source\D3D12\D3D12RootSignature.cpp">
      <Filter>D3D12\Private</Filter>
    </ClCompile>
    <ClCompile Include="TestScene.cpp">
      <Filter>Test</Filter>
    </ClCompile>
    <ClCompile Include="Source\D3D12\D3D12RenderInterface.cpp">
      <Filter>D3D12\Private</Filter>
    </ClCompile>
    <ClCompile Include="Source\Engine\Renderer\Light.cpp">
      <Filter>Engine\Renderer</Filter>
    </ClCompile>
    <ClCompile Include="Source\Engine\Renderer\Material.cpp">
      <Filter>Engine\Renderer</Filter>
    </ClCompile>
    <ClCompile Include="Source\Engine\Renderer\Mesh.cpp">
      <Filter>Engine\Renderer</Filter>
    </ClCompile>
    <ClCompile Include="Source\Engine\Renderer\SceneRendering.cpp">
      <Filter>Engine\Renderer</Filter>
    </ClCompile>
    <ClCompile Include="Source\Engine\Object\Components\TransformComponent.cpp">
      <Filter>Engine\Renderer</Filter>
    </ClCompile>
    <ClCompile Include="Source\Engine\Util\GameTimer.cpp">
      <Filter>Engine\Util</Filter>
    </ClCompile>
    <ClCompile Include="Source\Engine\Util\MathHelper.cpp">
      <Filter>Engine\Util</Filter>
    </ClCompile>
    <ClCompile Include="Source\Engine\Util\Util.cpp">
      <Filter>Engine\Util</Filter>
    </ClCompile>
    <ClCompile Include="Source\Engine\Object\Components\PrimitiveComponent.cpp">
      <Filter>Engine\Object\Components</Filter>
    </ClCompile>
    <ClCompile Include="Source\Engine\Object\Components\RenderComponent.cpp">
      <Filter>Engine\Object\Components</Filter>
    </ClCompile>
    <ClCompile Include="Source\Engine\Object\Class.cpp">
      <Filter>Engine\Object</Filter>
    </ClCompile>
    <ClCompile Include="Source\Engine\Object\Components\Component.cpp">
      <Filter>Engine\Object</Filter>
    </ClCompile>
    <ClCompile Include="Source\Engine\Object\Entity.cpp">
      <Filter>Engine\Object</Filter>
    </ClCompile>
    <ClCompile Include="Source\Engine\Application.cpp">
      <Filter>Engine\Launch</Filter>
    </ClCompile>
    <ClCompile Include="Source\Engine\WindowMain.cpp">
      <Filter>Engine\Launch</Filter>
    </ClCompile>
    <ClCompile Include="Source\Engine\Events\InputManager.cpp">
      <Filter>Engine\Events</Filter>
    </ClCompile>
    <ClCompile Include="Source\Engine\Renderer\RenderInterface.cpp">
      <Filter>Engine\Renderer</Filter>
    </ClCompile>
    <ClCompile Include="Source\D3D12\D3D12Viewport.cpp">
      <Filter>D3D12\Private</Filter>
    </ClCompile>
    <ClCompile Include="Source\Engine\Renderer\Viewport.cpp">
      <Filter>Engine\Renderer</Filter>
    </ClCompile>
    <ClCompile Include="Source\Engine\Renderer\CommandList.cpp">
      <Filter>Engine\Renderer</Filter>
    </ClCompile>
    <ClCompile Include="Source\D3D12\D3D12CommandList.cpp">
      <Filter>D3D12\Private</Filter>
    </ClCompile>
    <ClCompile Include="Source\D3D12\D3D12CommandAllocator.cpp">
      <Filter>D3D12\Private</Filter>
    </ClCompile>
    <ClCompile Include="Source\D3D12\D3D12CommandExecutor.cpp">
      <Filter>D3D12\Private</Filter>
    </ClCompile>
    <ClCompile Include="Source\Engine\Renderer\RenderPass.cpp" />
    <ClCompile Include="Source\Engine\Core\ThreadBase.cpp" />
    <ClCompile Include="Source\Engine\Renderer\RenderResource.cpp" />
    <ClCompile Include="Source\Engine\Object\Scene.cpp" />
    <ClCompile Include="Source\Engine\Core\RenderThread.cpp" />
    <ClCompile Include="Source\Engine\Core\WindowsThread.cpp" />
    <ClCompile Include="Source\Engine\Core\TaskGraph.cpp" />
    <ClCompile Include="Source\Engine\Core\GameThread.cpp" />
    <ClCompile Include="Source\Engine\Renderer\Commands.cpp" />
    <ClCompile Include="Source\Engine\Renderer\CommandContext.cpp" />
    <ClCompile Include="Source\D3D12\D3D12View.cpp" />
    <ClCompile Include="Source\Engine\Util\MeshLoader.cpp" />
    <ClCompile Include="Source\D3D12\DXMeshLoader.cpp" />
    <ClCompile Include="Source\Engine\Object\Components\CameraComponent.cpp" />
    <ClCompile Include="Source\Engine\Object\Camera.cpp" />
    <ClCompile Include="Source\Engine\Object\Components\MaterialComponent.cpp" />
    <ClCompile Include="Source\Engine\Object\Components\MeshComponent.cpp" />
    <ClCompile Include="TestEntities.cpp" />
    <ClCompile Include="Source\Engine\Renderer\PipelineState.cpp" />
    <ClCompile Include="Source\Engine\Core\ThreadPool.cpp" />
    <ClCompile Include="Source\Main.cpp">
      <Filter>Engine\Renderer</Filter>
    </ClCompile>
  </ItemGroup>
  <ItemGroup>
    <ClInclude Include="Source\D3D12\D3DUtil.h">
      <Filter>D3D12\Public</Filter>
    </ClInclude>
    <ClInclude Include="Source\D3D12\d3dx12.h">
      <Filter>D3D12\Public</Filter>
    </ClInclude>
    <ClInclude Include="Source\D3D12\D3D12Commands.h">
      <Filter>D3D12\Public</Filter>
    </ClInclude>
    <ClInclude Include="Source\D3D12\D3D12Device.h">
      <Filter>D3D12\Public</Filter>
    </ClInclude>
    <ClInclude Include="Source\D3D12\D3D12Resource.h">
      <Filter>D3D12\Public</Filter>
    </ClInclude>
    <ClInclude Include="Source\D3D12\D3D12Descriptor.h">
      <Filter>D3D12\Public</Filter>
    </ClInclude>
    <ClInclude Include="Source\D3D12\D3D12Fence.h">
      <Filter>D3D12\Public</Filter>
    </ClInclude>
    <ClInclude Include="Source\D3D12\D3D12PipelineState.h">
      <Filter>D3D12\Public</Filter>
    </ClInclude>
    <ClInclude Include="Source\D3D12\D3D12RootSignature.h">
      <Filter>D3D12\Public</Filter>
    </ClInclude>
    <ClInclude Include="TestScene.h">
      <Filter>Test</Filter>
    </ClInclude>
    <ClInclude Include="Source\D3D12\D3D12Viewport.h">
      <Filter>D3D12\Public</Filter>
    </ClInclude>
    <ClInclude Include="Source\D3D12\D3D12RenderInterface.h">
      <Filter>D3D12\Public</Filter>
    </ClInclude>
    <ClInclude Include="Source\Engine\Renderer\Light.h">
      <Filter>Engine\Renderer</Filter>
    </ClInclude>
    <ClInclude Include="Source\Engine\Renderer\Material.h">
      <Filter>Engine\Renderer</Filter>
    </ClInclude>
    <ClInclude Include="Source\Engine\Renderer\Mesh.h">
      <Filter>Engine\Renderer</Filter>
    </ClInclude>
    <ClInclude Include="Source\Engine\Renderer\SceneRendering.h">
      <Filter>Engine\Renderer</Filter>
    </ClInclude>
    <ClInclude Include="Source\Engine\Object\Components\TransformComponent.h">
      <Filter>Engine\Renderer</Filter>
    </ClInclude>
    <ClInclude Include="Source\Engine\Util\GameTimer.h">
      <Filter>Engine\Util</Filter>
    </ClInclude>
    <ClInclude Include="Source\Engine\Util\MathHelper.h">
      <Filter>Engine\Util</Filter>
    </ClInclude>
    <ClInclude Include="Source\Engine\Util\Util.h">
      <Filter>Engine\Util</Filter>
    </ClInclude>
    <ClInclude Include="Source\Engine\Object\Components\PrimitiveComponent.h">
      <Filter>Engine\Object\Components</Filter>
    </ClInclude>
    <ClInclude Include="Source\Engine\Object\Components\RenderComponent.h">
      <Filter>Engine\Object\Components</Filter>
    </ClInclude>
    <ClInclude Include="Source\Engine\Object\Class.h">
      <Filter>Engine\Object</Filter>
    </ClInclude>
    <ClInclude Include="Source\Engine\Object\Components\Component.h">
      <Filter>Engine\Object</Filter>
    </ClInclude>
    <ClInclude Include="Source\Engine\Object\Entity.h">
      <Filter>Engine\Object</Filter>
    </ClInclude>
    <ClInclude Include="Source\Engine\Application.h">
      <Filter>Engine\Launch</Filter>
    </ClInclude>
    <ClInclude Include="Source\Engine\WindowMain.h">
      <Filter>Engine\Launch</Filter>
    </ClInclude>
    <ClInclude Include="Source\Engine\Events\InputManager.h">
      <Filter>Engine\Events</Filter>
    </ClInclude>
    <ClInclude Include="Source\Engine\Renderer\RenderInterface.h">
      <Filter>Engine\Renderer</Filter>
    </ClInclude>
    <ClInclude Include="Source\Engine\Renderer\Viewport.h">
      <Filter>Engine\Renderer</Filter>
    </ClInclude>
    <ClInclude Include="Source\Engine\Renderer\CommandList.h">
      <Filter>Engine\Renderer</Filter>
    </ClInclude>
    <ClInclude Include="Source\D3D12\D3D12Types.h">
      <Filter>D3D12\Public</Filter>
    </ClInclude>
    <ClInclude Include="Source\Engine\Renderer\RenderPass.h" />
    <ClInclude Include="Source\Engine\Core\ThreadBase.h" />
    <ClInclude Include="Source\Engine\Renderer\RenderResource.h" />
    <ClInclude Include="Source\Engine\Object\Scene.h" />
    <ClInclude Include="Source\Engine\Core\Global.h" />
    <ClInclude Include="Source\Engine\Core\RenderThread.h" />
    <ClInclude Include="Source\Engine\Core\TaskGraph.h" />
    <ClInclude Include="Source\Engine\Core\WindowsThread.h" />
    <ClInclude Include="Source\Engine\Core\GameThread.h" />
    <ClInclude Include="Source\Engine\Renderer\Commands.h" />
    <ClInclude Include="Source\Engine\Renderer\CommandContext.h" />
    <ClInclude Include="Source\D3D12\D3D12View.h" />
    <ClInclude Include="Source\Engine\Util\MeshLoader.h" />
    <ClInclude Include="Source\D3D12\DXMeshLoader.h" />
    <ClInclude Include="Source\Engine\Renderer\Primitive.h" />
    <ClInclude Include="Source\Engine\Object\Components\CameraComponent.h" />
    <ClInclude Include="Source\Engine\Object\Camera.h" />
    <ClInclude Include="Source\Engine\Object\Components\MaterialComponent.h" />
    <ClInclude Include="Source\Engine\Object\Components\MeshComponent.h" />
    <ClInclude Include="TestEntities.h" />
    <ClInclude Include="Source\Engine\Renderer\PipelineState.h" />
    <ClInclude Include="Source\Engine\Core\ThreadPool.h" />
  </ItemGroup>
  <ItemGroup>
    <None Include="..\.editorconfig" />
    <None Include="packages.config" />
  </ItemGroup>
</Project>